
Microsoft Visual Studio Solution File, Format Version 12.00
# Visual Studio Version 17
VisualStudioVersion = 17.2.32602.215
MinimumVisualStudioVersion = 10.0.40219.1
Project("{FAE04EC0-301F-11D3-BF4B-00C04F79EFBC}") = "practice project", "practice project.csproj", "{34424C0B-96D0-40AA-9960-3A3D9D407934}"
EndProject
Global
	GlobalSection(SolutionConfigurationPlatforms) = preSolution
		Debug|Any CPU = Debug|Any CPU
		Release|Any CPU = Release|Any CPU
	EndGlobalSection
	GlobalSection(ProjectConfigurationPlatforms) = postSolution
		{34424C0B-96D0-40AA-9960-3A3D9D407934}.Debug|Any CPU.ActiveCfg = Debug|Any CPU
		{34424C0B-96D0-40AA-9960-3A3D9D407934}.Debug|Any CPU.Build.0 = Debug|Any CPU
		{34424C0B-96D0-40AA-9960-3A3D9D407934}.Release|Any CPU.ActiveCfg = Release|Any CPU
		{34424C0B-96D0-40AA-9960-3A3D9D407934}.Release|Any CPU.Build.0 = Release|Any CPU
	EndGlobalSection
	GlobalSection(SolutionProperties) = preSolution
		HideSolutionNode = FALSE
	EndGlobalSection
	GlobalSection(ExtensibilityGlobals) = postSolution
		SolutionGuid = {DE6F37CD-6928-485B-B88F-6024DC7E0976}
	EndGlobalSection
EndGlobal
